
Microsoft Visual Studio Solution File, Format Version 12.00
# Visual Studio 14
VisualStudioVersion = 14.0.25420.1
MinimumVisualStudioVersion = 10.0.40219.1
Project("{FAE04EC0-301F-11D3-BF4B-00C04F79EFBC}") = "A17 Ex01 Dor 204120869 Almog 305744856", "A17 Ex01 Dor 204120869 Almog 305744856\A17 Ex01 Dor 204120869 Almog 305744856.csproj", "{9AEF0708-20B2-47EC-AF16-D9DD0458CD74}"
EndProject
Global
	GlobalSection(SolutionConfigurationPlatforms) = preSolution
		Debug|Any CPU = Debug|Any CPU
		Release|Any CPU = Release|Any CPU
	EndGlobalSection
	GlobalSection(ProjectConfigurationPlatforms) = postSolution
		{9AEF0708-20B2-47EC-AF16-D9DD0458CD74}.Debug|Any CPU.ActiveCfg = Debug|Any CPU
		{9AEF0708-20B2-47EC-AF16-D9DD0458CD74}.Debug|Any CPU.Build.0 = Debug|Any CPU
		{9AEF0708-20B2-47EC-AF16-D9DD0458CD74}.Release|Any CPU.ActiveCfg = Release|Any CPU
		{9AEF0708-20B2-47EC-AF16-D9DD0458CD74}.Release|Any CPU.Build.0 = Release|Any CPU
	EndGlobalSection
	GlobalSection(SolutionProperties) = preSolution
		HideSolutionNode = FALSE
	EndGlobalSection
EndGlobal
